
Microsoft Visual Studio Solution File, Format Version 12.00
# Visual Studio Version 17
VisualStudioVersion = 17.0.31903.59
MinimumVisualStudioVersion = 10.0.40219.1
Project("{FAE04EC0-301F-11D3-BF4B-00C04F79EFBC}") = "Application", "Application\Application.csproj", "{F33D66B4-8E49-425B-9927-309A533FBCF0}"
EndProject
Project("{FAE04EC0-301F-11D3-BF4B-00C04F79EFBC}") = "Domain", "Domain\Domain.csproj", "{C0E8BA54-249D-46BC-8A20-19C285E27D5F}"
EndProject
Project("{FAE04EC0-301F-11D3-BF4B-00C04F79EFBC}") = "Infrastructure", "Infrastructure\Infrastructure.csproj", "{CF4BDB26-97A4-41A0-94B2-798F99DFAF11}"
EndProject
Project("{FAE04EC0-301F-11D3-BF4B-00C04F79EFBC}") = "InterfaceAdapters", "InterfaceAdapters\InterfaceAdapters.csproj", "{3EA343C3-79D8-4A3E-926D-CE82F43BB920}"
EndProject
Project("{2150E333-8FDC-42A3-9474-1A3956D46DE8}") = "Tests", "Tests", "{0AB3BF05-4346-4AA6-1389-037BE0695223}"
EndProject
Project("{FAE04EC0-301F-11D3-BF4B-00C04F79EFBC}") = "Application.Tests", "Tests\Application.Tests\Application.Tests.csproj", "{F26326FE-C2A9-4EF3-81E5-7F647E1535AA}"
EndProject
Project("{FAE04EC0-301F-11D3-BF4B-00C04F79EFBC}") = "Domain.Tests", "Tests\Domain.Tests\Domain.Tests.csproj", "{2F7C943C-D660-4563-8D19-C2E08D619F91}"
EndProject
Project("{FAE04EC0-301F-11D3-BF4B-00C04F79EFBC}") = "Infrastructure.Tests", "Tests\Infrastructure.Tests\Infrastructure.Tests.csproj", "{80A5145B-26B1-4BD3-B603-9C774FE70DF8}"
EndProject
Project("{FAE04EC0-301F-11D3-BF4B-00C04F79EFBC}") = "InterfaceAdapters.Tests", "Tests\InterfaceAdapters.Tests\InterfaceAdapters.Tests.csproj", "{8065ABE2-EBA6-4806-AF19-BD020782F296}"
EndProject
Global
	GlobalSection(SolutionConfigurationPlatforms) = preSolution
		Debug|Any CPU = Debug|Any CPU
		Debug|x64 = Debug|x64
		Debug|x86 = Debug|x86
		Release|Any CPU = Release|Any CPU
		Release|x64 = Release|x64
		Release|x86 = Release|x86
	EndGlobalSection
	GlobalSection(ProjectConfigurationPlatforms) = postSolution
		{F33D66B4-8E49-425B-9927-309A533FBCF0}.Debug|Any CPU.ActiveCfg = Debug|Any CPU
		{F33D66B4-8E49-425B-9927-309A533FBCF0}.Debug|Any CPU.Build.0 = Debug|Any CPU
		{F33D66B4-8E49-425B-9927-309A533FBCF0}.Debug|x64.ActiveCfg = Debug|Any CPU
		{F33D66B4-8E49-425B-9927-309A533FBCF0}.Debug|x64.Build.0 = Debug|Any CPU
		{F33D66B4-8E49-425B-9927-309A533FBCF0}.Debug|x86.ActiveCfg = Debug|Any CPU
		{F33D66B4-8E49-425B-9927-309A533FBCF0}.Debug|x86.Build.0 = Debug|Any CPU
		{F33D66B4-8E49-425B-9927-309A533FBCF0}.Release|Any CPU.ActiveCfg = Release|Any CPU
		{F33D66B4-8E49-425B-9927-309A533FBCF0}.Release|Any CPU.Build.0 = Release|Any CPU
		{F33D66B4-8E49-425B-9927-309A533FBCF0}.Release|x64.ActiveCfg = Release|Any CPU
		{F33D66B4-8E49-425B-9927-309A533FBCF0}.Release|x64.Build.0 = Release|Any CPU
		{F33D66B4-8E49-425B-9927-309A533FBCF0}.Release|x86.ActiveCfg = Release|Any CPU
		{F33D66B4-8E49-425B-9927-309A533FBCF0}.Release|x86.Build.0 = Release|Any CPU
		{C0E8BA54-249D-46BC-8A20-19C285E27D5F}.Debug|Any CPU.ActiveCfg = Debug|Any CPU
		{C0E8BA54-249D-46BC-8A20-19C285E27D5F}.Debug|Any CPU.Build.0 = Debug|Any CPU
		{C0E8BA54-249D-46BC-8A20-19C285E27D5F}.Debug|x64.ActiveCfg = Debug|Any CPU
		{C0E8BA54-249D-46BC-8A20-19C285E27D5F}.Debug|x64.Build.0 = Debug|Any CPU
		{C0E8BA54-249D-46BC-8A20-19C285E27D5F}.Debug|x86.ActiveCfg = Debug|Any CPU
		{C0E8BA54-249D-46BC-8A20-19C285E27D5F}.Debug|x86.Build.0 = Debug|Any CPU
		{C0E8BA54-249D-46BC-8A20-19C285E27D5F}.Release|Any CPU.ActiveCfg = Release|Any CPU
		{C0E8BA54-249D-46BC-8A20-19C285E27D5F}.Release|Any CPU.Build.0 = Release|Any CPU
		{C0E8BA54-249D-46BC-8A20-19C285E27D5F}.Release|x64.ActiveCfg = Release|Any CPU
		{C0E8BA54-249D-46BC-8A20-19C285E27D5F}.Release|x64.Build.0 = Release|Any CPU
		{C0E8BA54-249D-46BC-8A20-19C285E27D5F}.Release|x86.ActiveCfg = Release|Any CPU
		{C0E8BA54-249D-46BC-8A20-19C285E27D5F}.Release|x86.Build.0 = Release|Any CPU
		{CF4BDB26-97A4-41A0-94B2-798F99DFAF11}.Debug|Any CPU.ActiveCfg = Debug|Any CPU
		{CF4BDB26-97A4-41A0-94B2-798F99DFAF11}.Debug|Any CPU.Build.0 = Debug|Any CPU
		{CF4BDB26-97A4-41A0-94B2-798F99DFAF11}.Debug|x64.ActiveCfg = Debug|Any CPU
		{CF4BDB26-97A4-41A0-94B2-798F99DFAF11}.Debug|x64.Build.0 = Debug|Any CPU
		{CF4BDB26-97A4-41A0-94B2-798F99DFAF11}.Debug|x86.ActiveCfg = Debug|Any CPU
		{CF4BDB26-97A4-41A0-94B2-798F99DFAF11}.Debug|x86.Build.0 = Debug|Any CPU
		{CF4BDB26-97A4-41A0-94B2-798F99DFAF11}.Release|Any CPU.ActiveCfg = Release|Any CPU
		{CF4BDB26-97A4-41A0-94B2-798F99DFAF11}.Release|Any CPU.Build.0 = Release|Any CPU
		{CF4BDB26-97A4-41A0-94B2-798F99DFAF11}.Release|x64.ActiveCfg = Release|Any CPU
		{CF4BDB26-97A4-41A0-94B2-798F99DFAF11}.Release|x64.Build.0 = Release|Any CPU
		{CF4BDB26-97A4-41A0-94B2-798F99DFAF11}.Release|x86.ActiveCfg = Release|Any CPU
		{CF4BDB26-97A4-41A0-94B2-798F99DFAF11}.Release|x86.Build.0 = Release|Any CPU
		{3EA343C3-79D8-4A3E-926D-CE82F43BB920}.Debug|Any CPU.ActiveCfg = Debug|Any CPU
		{3EA343C3-79D8-4A3E-926D-CE82F43BB920}.Debug|Any CPU.Build.0 = Debug|Any CPU
		{3EA343C3-79D8-4A3E-926D-CE82F43BB920}.Debug|x64.ActiveCfg = Debug|Any CPU
		{3EA343C3-79D8-4A3E-926D-CE82F43BB920}.Debug|x64.Build.0 = Debug|Any CPU
		{3EA343C3-79D8-4A3E-926D-CE82F43BB920}.Debug|x86.ActiveCfg = Debug|Any CPU
		{3EA343C3-79D8-4A3E-926D-CE82F43BB920}.Debug|x86.Build.0 = Debug|Any CPU
		{3EA343C3-79D8-4A3E-926D-CE82F43BB920}.Release|Any CPU.ActiveCfg = Release|Any CPU
		{3EA343C3-79D8-4A3E-926D-CE82F43BB920}.Release|Any CPU.Build.0 = Release|Any CPU
		{3EA343C3-79D8-4A3E-926D-CE82F43BB920}.Release|x64.ActiveCfg = Release|Any CPU
		{3EA343C3-79D8-4A3E-926D-CE82F43BB920}.Release|x64.Build.0 = Release|Any CPU
		{3EA343C3-79D8-4A3E-926D-CE82F43BB920}.Release|x86.ActiveCfg = Release|Any CPU
		{3EA343C3-79D8-4A3E-926D-CE82F43BB920}.Release|x86.Build.0 = Release|Any CPU
		{F26326FE-C2A9-4EF3-81E5-7F647E1535AA}.Debug|Any CPU.ActiveCfg = Debug|Any CPU
		{F26326FE-C2A9-4EF3-81E5-7F647E1535AA}.Debug|Any CPU.Build.0 = Debug|Any CPU
		{F26326FE-C2A9-4EF3-81E5-7F647E1535AA}.Debug|x64.ActiveCfg = Debug|Any CPU
		{F26326FE-C2A9-4EF3-81E5-7F647E1535AA}.Debug|x64.Build.0 = Debug|Any CPU
		{F26326FE-C2A9-4EF3-81E5-7F647E1535AA}.Debug|x86.ActiveCfg = Debug|Any CPU
		{F26326FE-C2A9-4EF3-81E5-7F647E1535AA}.Debug|x86.Build.0 = Debug|Any CPU
		{F26326FE-C2A9-4EF3-81E5-7F647E1535AA}.Release|Any CPU.ActiveCfg = Release|Any CPU
		{F26326FE-C2A9-4EF3-81E5-7F647E1535AA}.Release|Any CPU.Build.0 = Release|Any CPU
		{F26326FE-C2A9-4EF3-81E5-7F647E1535AA}.Release|x64.ActiveCfg = Release|Any CPU
		{F26326FE-C2A9-4EF3-81E5-7F647E1535AA}.Release|x64.Build.0 = Release|Any CPU
		{F26326FE-C2A9-4EF3-81E5-7F647E1535AA}.Release|x86.ActiveCfg = Release|Any CPU
		{F26326FE-C2A9-4EF3-81E5-7F647E1535AA}.Release|x86.Build.0 = Release|Any CPU
		{2F7C943C-D660-4563-8D19-C2E08D619F91}.Debug|Any CPU.ActiveCfg = Debug|Any CPU
		{2F7C943C-D660-4563-8D19-C2E08D619F91}.Debug|Any CPU.Build.0 = Debug|Any CPU
		{2F7C943C-D660-4563-8D19-C2E08D619F91}.Debug|x64.ActiveCfg = Debug|Any CPU
		{2F7C943C-D660-4563-8D19-C2E08D619F91}.Debug|x64.Build.0 = Debug|Any CPU
		{2F7C943C-D660-4563-8D19-C2E08D619F91}.Debug|x86.ActiveCfg = Debug|Any CPU
		{2F7C943C-D660-4563-8D19-C2E08D619F91}.Debug|x86.Build.0 = Debug|Any CPU
		{2F7C943C-D660-4563-8D19-C2E08D619F91}.Release|Any CPU.ActiveCfg = Release|Any CPU
		{2F7C943C-D660-4563-8D19-C2E08D619F91}.Release|Any CPU.Build.0 = Release|Any CPU
		{2F7C943C-D660-4563-8D19-C2E08D619F91}.Release|x64.ActiveCfg = Release|Any CPU
		{2F7C943C-D660-4563-8D19-C2E08D619F91}.Release|x64.Build.0 = Release|Any CPU
		{2F7C943C-D660-4563-8D19-C2E08D619F91}.Release|x86.ActiveCfg = Release|Any CPU
		{2F7C943C-D660-4563-8D19-C2E08D619F91}.Release|x86.Build.0 = Release|Any CPU
		{80A5145B-26B1-4BD3-B603-9C774FE70DF8}.Debug|Any CPU.ActiveCfg = Debug|Any CPU
		{80A5145B-26B1-4BD3-B603-9C774FE70DF8}.Debug|Any CPU.Build.0 = Debug|Any CPU
		{80A5145B-26B1-4BD3-B603-9C774FE70DF8}.Debug|x64.ActiveCfg = Debug|Any CPU
		{80A5145B-26B1-4BD3-B603-9C774FE70DF8}.Debug|x64.Build.0 = Debug|Any CPU
		{80A5145B-26B1-4BD3-B603-9C774FE70DF8}.Debug|x86.ActiveCfg = Debug|Any CPU
		{80A5145B-26B1-4BD3-B603-9C774FE70DF8}.Debug|x86.Build.0 = Debug|Any CPU
		{80A5145B-26B1-4BD3-B603-9C774FE70DF8}.Release|Any CPU.ActiveCfg = Release|Any CPU
		{80A5145B-26B1-4BD3-B603-9C774FE70DF8}.Release|Any CPU.Build.0 = Release|Any CPU
		{80A5145B-26B1-4BD3-B603-9C774FE70DF8}.Release|x64.ActiveCfg = Release|Any CPU
		{80A5145B-26B1-4BD3-B603-9C774FE70DF8}.Release|x64.Build.0 = Release|Any CPU
		{80A5145B-26B1-4BD3-B603-9C774FE70DF8}.Release|x86.ActiveCfg = Release|Any CPU
		{80A5145B-26B1-4BD3-B603-9C774FE70DF8}.Release|x86.Build.0 = Release|Any CPU
		{8065ABE2-EBA6-4806-AF19-BD020782F296}.Debug|Any CPU.ActiveCfg = Debug|Any CPU
		{8065ABE2-EBA6-4806-AF19-BD020782F296}.Debug|Any CPU.Build.0 = Debug|Any CPU
		{8065ABE2-EBA6-4806-AF19-BD020782F296}.Debug|x64.ActiveCfg = Debug|Any CPU
		{8065ABE2-EBA6-4806-AF19-BD020782F296}.Debug|x64.Build.0 = Debug|Any CPU
		{8065ABE2-EBA6-4806-AF19-BD020782F296}.Debug|x86.ActiveCfg = Debug|Any CPU
		{8065ABE2-EBA6-4806-AF19-BD020782F296}.Debug|x86.Build.0 = Debug|Any CPU
		{8065ABE2-EBA6-4806-AF19-BD020782F296}.Release|Any CPU.ActiveCfg = Release|Any CPU
		{8065ABE2-EBA6-4806-AF19-BD020782F296}.Release|Any CPU.Build.0 = Release|Any CPU
		{8065ABE2-EBA6-4806-AF19-BD020782F296}.Release|x64.ActiveCfg = Release|Any CPU
		{8065ABE2-EBA6-4806-AF19-BD020782F296}.Release|x64.Build.0 = Release|Any CPU
		{8065ABE2-EBA6-4806-AF19-BD020782F296}.Release|x86.ActiveCfg = Release|Any CPU
		{8065ABE2-EBA6-4806-AF19-BD020782F296}.Release|x86.Build.0 = Release|Any CPU
	EndGlobalSection
	GlobalSection(SolutionProperties) = preSolution
		HideSolutionNode = FALSE
	EndGlobalSection
	GlobalSection(NestedProjects) = preSolution
		{F26326FE-C2A9-4EF3-81E5-7F647E1535AA} = {0AB3BF05-4346-4AA6-1389-037BE0695223}
		{2F7C943C-D660-4563-8D19-C2E08D619F91} = {0AB3BF05-4346-4AA6-1389-037BE0695223}
		{80A5145B-26B1-4BD3-B603-9C774FE70DF8} = {0AB3BF05-4346-4AA6-1389-037BE0695223}
		{8065ABE2-EBA6-4806-AF19-BD020782F296} = {0AB3BF05-4346-4AA6-1389-037BE0695223}
	EndGlobalSection
EndGlobal
